
Microsoft Visual Studio Solution File, Format Version 12.00
# Visual Studio 15
VisualStudioVersion = 15.0.26124.0
MinimumVisualStudioVersion = 15.0.26124.0
Project("{FAE04EC0-301F-11D3-BF4B-00C04F79EFBC}") = "Algorithms", "src\Algorithms.csproj", "{F4702F3E-7357-490C-8E7A-A85FA2B70CA8}"
EndProject
Project("{FAE04EC0-301F-11D3-BF4B-00C04F79EFBC}") = "Algorithms.Tests", "tests\Algorithms.Tests.csproj", "{8D160DBA-5779-4F0F-B1F1-AA2816C36545}"
EndProject
Global
	GlobalSection(SolutionConfigurationPlatforms) = preSolution
		Debug|Any CPU = Debug|Any CPU
		Debug|x64 = Debug|x64
		Debug|x86 = Debug|x86
		Release|Any CPU = Release|Any CPU
		Release|x64 = Release|x64
		Release|x86 = Release|x86
	EndGlobalSection
	GlobalSection(SolutionProperties) = preSolution
		HideSolutionNode = FALSE
	EndGlobalSection
	GlobalSection(ProjectConfigurationPlatforms) = postSolution
		{F4702F3E-7357-490C-8E7A-A85FA2B70CA8}.Debug|Any CPU.ActiveCfg = Debug|Any CPU
		{F4702F3E-7357-490C-8E7A-A85FA2B70CA8}.Debug|Any CPU.Build.0 = Debug|Any CPU
		{F4702F3E-7357-490C-8E7A-A85FA2B70CA8}.Debug|x64.ActiveCfg = Debug|Any CPU
		{F4702F3E-7357-490C-8E7A-A85FA2B70CA8}.Debug|x64.Build.0 = Debug|Any CPU
		{F4702F3E-7357-490C-8E7A-A85FA2B70CA8}.Debug|x86.ActiveCfg = Debug|Any CPU
		{F4702F3E-7357-490C-8E7A-A85FA2B70CA8}.Debug|x86.Build.0 = Debug|Any CPU
		{F4702F3E-7357-490C-8E7A-A85FA2B70CA8}.Release|Any CPU.ActiveCfg = Release|Any CPU
		{F4702F3E-7357-490C-8E7A-A85FA2B70CA8}.Release|Any CPU.Build.0 = Release|Any CPU
		{F4702F3E-7357-490C-8E7A-A85FA2B70CA8}.Release|x64.ActiveCfg = Release|Any CPU
		{F4702F3E-7357-490C-8E7A-A85FA2B70CA8}.Release|x64.Build.0 = Release|Any CPU
		{F4702F3E-7357-490C-8E7A-A85FA2B70CA8}.Release|x86.ActiveCfg = Release|Any CPU
		{F4702F3E-7357-490C-8E7A-A85FA2B70CA8}.Release|x86.Build.0 = Release|Any CPU
		{8D160DBA-5779-4F0F-B1F1-AA2816C36545}.Debug|Any CPU.ActiveCfg = Debug|Any CPU
		{8D160DBA-5779-4F0F-B1F1-AA2816C36545}.Debug|Any CPU.Build.0 = Debug|Any CPU
		{8D160DBA-5779-4F0F-B1F1-AA2816C36545}.Debug|x64.ActiveCfg = Debug|Any CPU
		{8D160DBA-5779-4F0F-B1F1-AA2816C36545}.Debug|x64.Build.0 = Debug|Any CPU
		{8D160DBA-5779-4F0F-B1F1-AA2816C36545}.Debug|x86.ActiveCfg = Debug|Any CPU
		{8D160DBA-5779-4F0F-B1F1-AA2816C36545}.Debug|x86.Build.0 = Debug|Any CPU
		{8D160DBA-5779-4F0F-B1F1-AA2816C36545}.Release|Any CPU.ActiveCfg = Release|Any CPU
		{8D160DBA-5779-4F0F-B1F1-AA2816C36545}.Release|Any CPU.Build.0 = Release|Any CPU
		{8D160DBA-5779-4F0F-B1F1-AA2816C36545}.Release|x64.ActiveCfg = Release|Any CPU
		{8D160DBA-5779-4F0F-B1F1-AA2816C36545}.Release|x64.Build.0 = Release|Any CPU
		{8D160DBA-5779-4F0F-B1F1-AA2816C36545}.Release|x86.ActiveCfg = Release|Any CPU
		{8D160DBA-5779-4F0F-B1F1-AA2816C36545}.Release|x86.Build.0 = Release|Any CPU
	EndGlobalSection
EndGlobal
